
Microsoft Visual Studio Solution File, Format Version 12.00
# Visual Studio Version 17
VisualStudioVersion = 17.0.31903.59
MinimumVisualStudioVersion = 10.0.40219.1
Project("{FAE04EC0-301F-11D3-BF4B-00C04F79EFBC}") = "CodeBlock", "CodeBlock.csproj", "{C4CC351C-0B96-476E-8386-FCE57CA61C8A}"
EndProject
Global
	GlobalSection(SolutionConfigurationPlatforms) = preSolution
		Debug|Any CPU = Debug|Any CPU
		Release|Any CPU = Release|Any CPU
	EndGlobalSection
	GlobalSection(ProjectConfigurationPlatforms) = postSolution
		{C4CC351C-0B96-476E-8386-FCE57CA61C8A}.Debug|Any CPU.ActiveCfg = Debug|Any CPU
		{C4CC351C-0B96-476E-8386-FCE57CA61C8A}.Debug|Any CPU.Build.0 = Debug|Any CPU
		{C4CC351C-0B96-476E-8386-FCE57CA61C8A}.Release|Any CPU.ActiveCfg = Release|Any CPU
		{C4CC351C-0B96-476E-8386-FCE57CA61C8A}.Release|Any CPU.Build.0 = Release|Any CPU
	EndGlobalSection
	GlobalSection(SolutionProperties) = preSolution
		HideSolutionNode = FALSE
	EndGlobalSection
	GlobalSection(ExtensibilityGlobals) = postSolution
		SolutionGuid = {3D0A20C8-47BC-42E2-9424-904760C3D5B4}
	EndGlobalSection
EndGlobal
